// !$*UTF8*$!
{
	archiveVersion = 1;
	classes = {
	};
	objectVersion = 56;
	objects = {

/* Begin PBXBuildFile section */
		226E4A492FC24F99005F76BD /* BitRufusApp.swift in Sources */ = {isa = PBXBuildFile; fileRef = 226E4A482FC24F99005F76BD /* BitRufusApp.swift */; };
		226E4A4B2FC24F99005F76BD /* ContentView.swift in Sources */ = {isa = PBXBuildFile; fileRef = 226E4A4A2FC24F99005F76BD /* ContentView.swift */; };
		226E4A752FC24F9B005F76BD /* bitrufus_core.swift in Sources */ = {isa = PBXBuildFile; fileRef = 226E4A742FC24F9B005F76BD /* bitrufus_core.swift */; };
		226E4A4D2FC24F9A005F76BD /* Assets.xcassets in Resources */ = {isa = PBXBuildFile; fileRef = 226E4A4C2FC24F9A005F76BD /* Assets.xcassets */; };
		226E4A502FC24F9A005F76BD /* Preview Assets.xcassets in Resources */ = {isa = PBXBuildFile; fileRef = 226E4A4F2FC24F9A005F76BD /* Preview Assets.xcassets */; };
		226E4A5B2FC24F9B005F76BD /* BitRufusTests.swift in Sources */ = {isa = PBXBuildFile; fileRef = 226E4A5A2FC24F9B005F76BD /* BitRufusTests.swift */; };
		226E4A652FC24F9B005F76BD /* BitRufusUITests.swift in Sources */ = {isa = PBXBuildFile; fileRef = 226E4A642FC24F9B005F76BD /* BitRufusUITests.swift */; };
		226E4A672FC24F9B005F76BD /* BitRufusUITestsLaunchTests.swift in Sources */ = {isa = PBXBuildFile; fileRef = 226E4A662FC24F9B005F76BD /* BitRufusUITestsLaunchTests.swift */; };
/* End PBXBuildFile section */

/* Begin PBXContainerItemProxy section */
		226E4A572FC24F9B005F76BD /* PBXContainerItemProxy */ = {
			isa = PBXContainerItemProxy;
			containerPortal = 226E4A3D2FC24F99005F76BD /* Project object */;
			proxyType = 1;
			remoteGlobalIDString = 226E4A442FC24F99005F76BD;
			remoteInfo = BitRufus;
		};
		226E4A612FC24F9B005F76BD /* PBXContainerItemProxy */ = {
			isa = PBXContainerItemProxy;
			containerPortal = 226E4A3D2FC24F99005F76BD /* Project object */;
			proxyType = 1;
			remoteGlobalIDString = 226E4A442FC24F99005F76BD;
			remoteInfo = BitRufus;
		};
/* End PBXContainerItemProxy section */

/* Begin PBXFileReference section */
		226E4A452FC24F99005F76BD /* BitRufus.app */ = {isa = PBXFileReference; explicitFileType = wrapper.application; includeInIndex = 0; path = BitRufus.app; sourceTree = BUILT_PRODUCTS_DIR; };
		226E4A482FC24F99005F76BD /* BitRufusApp.swift */ = {isa = PBXFileReference; lastKnownFileType = sourcecode.swift; path = BitRufusApp.swift; sourceTree = "<group>"; };
		226E4A4A2FC24F99005F76BD /* ContentView.swift */ = {isa = PBXFileReference; lastKnownFileType = sourcecode.swift; path = ContentView.swift; sourceTree = "<group>"; };
		226E4A4C2FC24F9A005F76BD /* Assets.xcassets */ = {isa = PBXFileReference; lastKnownFileType = folder.assetcatalog; path = Assets.xcassets; sourceTree = "<group>"; };
		226E4A4F2FC24F9A005F76BD /* Preview Assets.xcassets */ = {isa = PBXFileReference; lastKnownFileType = folder.assetcatalog; path = "Preview Assets.xcassets"; sourceTree = "<group>"; };
		226E4A512FC24F9A005F76BD /* BitRufus.entitlements */ = {isa = PBXFileReference; lastKnownFileType = text.plist.entitlements; path = BitRufus.entitlements; sourceTree = "<group>"; };
		226E4A562FC24F9B005F76BD /* BitRufusTests.xctest */ = {isa = PBXFileReference; explicitFileType = wrapper.cfbundle; includeInIndex = 0; path = BitRufusTests.xctest; sourceTree = BUILT_PRODUCTS_DIR; };
		226E4A5A2FC24F9B005F76BD /* BitRufusTests.swift */ = {isa = PBXFileReference; lastKnownFileType = sourcecode.swift; path = BitRufusTests.swift; sourceTree = "<group>"; };
		226E4A602FC24F9B005F76BD /* BitRufusUITests.xctest */ = {isa = PBXFileReference; explicitFileType = wrapper.cfbundle; includeInIndex = 0; path = BitRufusUITests.xctest; sourceTree = BUILT_PRODUCTS_DIR; };
		226E4A642FC24F9B005F76BD /* BitRufusUITests.swift */ = {isa = PBXFileReference; lastKnownFileType = sourcecode.swift; path = BitRufusUITests.swift; sourceTree = "<group>"; };
		226E4A662FC24F9B005F76BD /* BitRufusUITestsLaunchTests.swift */ = {isa = PBXFileReference; lastKnownFileType = sourcecode.swift; path = BitRufusUITestsLaunchTests.swift; sourceTree = "<group>"; };
		226E4A742FC24F9B005F76BD /* bitrufus_core.swift */ = {isa = PBXFileReference; lastKnownFileType = sourcecode.swift; path = bitrufus_core.swift; sourceTree = "<group>"; };
		226E4A762FC24F9B005F76BD /* bitrufus_coreFFI.h */ = {isa = PBXFileReference; lastKnownFileType = sourcecode.c.h; path = bitrufus_coreFFI.h; sourceTree = "<group>"; };
		226E4A772FC24F9B005F76BD /* bitrufus_coreFFI.modulemap */ = {isa = PBXFileReference; lastKnownFileType = sourcecode.module; path = bitrufus_coreFFI.modulemap; sourceTree = "<group>"; };
/* End PBXFileReference section */

/* Begin PBXFrameworksBuildPhase section */
		226E4A422FC24F99005F76BD /* Frameworks */ = {
			isa = PBXFrameworksBuildPhase;
			buildActionMask = 2147483647;
			files = (
			);
			runOnlyForDeploymentPostprocessing = 0;
		};
		226E4A532FC24F9B005F76BD /* Frameworks */ = {
			isa = PBXFrameworksBuildPhase;
			buildActionMask = 2147483647;
			files = (
			);
			runOnlyForDeploymentPostprocessing = 0;
		};
		226E4A5D2FC24F9B005F76BD /* Frameworks */ = {
			isa = PBXFrameworksBuildPhase;
			buildActionMask = 2147483647;
			files = (
			);
			runOnlyForDeploymentPostprocessing = 0;
		};
/* End PBXFrameworksBuildPhase section */

/* Begin PBXGroup section */
		226E4A3C2FC24F99005F76BD = {
			isa = PBXGroup;
			children = (
				226E4A472FC24F99005F76BD /* BitRufus */,
				226E4A732FC24F9B005F76BD /* Generated */,
				226E4A592FC24F9B005F76BD /* BitRufusTests */,
				226E4A632FC24F9B005F76BD /* BitRufusUITests */,
				226E4A462FC24F99005F76BD /* Products */,
			);
			sourceTree = "<group>";
		};
		226E4A462FC24F99005F76BD /* Products */ = {
			isa = PBXGroup;
			children = (
				226E4A452FC24F99005F76BD /* BitRufus.app */,
				226E4A562FC24F9B005F76BD /* BitRufusTests.xctest */,
				226E4A602FC24F9B005F76BD /* BitRufusUITests.xctest */,
			);
			name = Products;
			sourceTree = "<group>";
		};
		226E4A472FC24F99005F76BD /* BitRufus */ = {
			isa = PBXGroup;
			children = (
				226E4A482FC24F99005F76BD /* BitRufusApp.swift */,
				226E4A4A2FC24F99005F76BD /* ContentView.swift */,
				226E4A4C2FC24F9A005F76BD /* Assets.xcassets */,
				226E4A512FC24F9A005F76BD /* BitRufus.entitlements */,
				226E4A4E2FC24F9A005F76BD /* Preview Content */,
			);
			path = BitRufus;
			sourceTree = "<group>";
		};
		226E4A4E2FC24F9A005F76BD /* Preview Content */ = {
			isa = PBXGroup;
			children = (
				226E4A4F2FC24F9A005F76BD /* Preview Assets.xcassets */,
			);
			path = "Preview Content";
			sourceTree = "<group>";
		};
		226E4A592FC24F9B005F76BD /* BitRufusTests */ = {
			isa = PBXGroup;
			children = (
				226E4A5A2FC24F9B005F76BD /* BitRufusTests.swift */,
			);
			path = BitRufusTests;
			sourceTree = "<group>";
		};
		226E4A632FC24F9B005F76BD /* BitRufusUITests */ = {
			isa = PBXGroup;
			children = (
				226E4A642FC24F9B005F76BD /* BitRufusUITests.swift */,
				226E4A662FC24F9B005F76BD /* BitRufusUITestsLaunchTests.swift */,
			);
			path = BitRufusUITests;
			sourceTree = "<group>";
		};
		226E4A732FC24F9B005F76BD /* Generated */ = {
			isa = PBXGroup;
			children = (
				226E4A742FC24F9B005F76BD /* bitrufus_core.swift */,
				226E4A762FC24F9B005F76BD /* bitrufus_coreFFI.h */,
				226E4A772FC24F9B005F76BD /* bitrufus_coreFFI.modulemap */,
			);
			name = Generated;
			path = "apps/TorrentApp/Generated";
			sourceTree = "<group>";
		};
/* End PBXGroup section */

/* Begin PBXNativeTarget section */
		226E4A442FC24F99005F76BD /* BitRufus */ = {
			isa = PBXNativeTarget;
			buildConfigurationList = 226E4A6A2FC24F9B005F76BD /* Build configuration list for PBXNativeTarget "BitRufus" */;
			buildPhases = (
				226E4A782FC24F9B005F76BD /* Build Rust */,
				226E4A412FC24F99005F76BD /* Sources */,
				226E4A422FC24F99005F76BD /* Frameworks */,
				226E4A432FC24F99005F76BD /* Resources */,
			);
			buildRules = (
			);
			dependencies = (
			);
			name = BitRufus;
			productName = BitRufus;
			productReference = 226E4A452FC24F99005F76BD /* BitRufus.app */;
			productType = "com.apple.product-type.application";
		};
		226E4A552FC24F9B005F76BD /* BitRufusTests */ = {
			isa = PBXNativeTarget;
			buildConfigurationList = 226E4A6D2FC24F9B005F76BD /* Build configuration list for PBXNativeTarget "BitRufusTests" */;
			buildPhases = (
				226E4A522FC24F9B005F76BD /* Sources */,
				226E4A532FC24F9B005F76BD /* Frameworks */,
				226E4A542FC24F9B005F76BD /* Resources */,
			);
			buildRules = (
			);
			dependencies = (
				226E4A582FC24F9B005F76BD /* PBXTargetDependency */,
			);
			name = BitRufusTests;
			productName = BitRufusTests;
			productReference = 226E4A562FC24F9B005F76BD /* BitRufusTests.xctest */;
			productType = "com.apple.product-type.bundle.unit-test";
		};
		226E4A5F2FC24F9B005F76BD /* BitRufusUITests */ = {
			isa = PBXNativeTarget;
			buildConfigurationList = 226E4A702FC24F9B005F76BD /* Build configuration list for PBXNativeTarget "BitRufusUITests" */;
			buildPhases = (
				226E4A5C2FC24F9B005F76BD /* Sources */,
				226E4A5D2FC24F9B005F76BD /* Frameworks */,
				226E4A5E2FC24F9B005F76BD /* Resources */,
			);
			buildRules = (
			);
			dependencies = (
				226E4A622FC24F9B005F76BD /* PBXTargetDependency */,
			);
			name = BitRufusUITests;
			productName = BitRufusUITests;
			productReference = 226E4A602FC24F9B005F76BD /* BitRufusUITests.xctest */;
			productType = "com.apple.product-type.bundle.ui-testing";
		};
/* End PBXNativeTarget section */

/* Begin PBXProject section */
		226E4A3D2FC24F99005F76BD /* Project object */ = {
			isa = PBXProject;
			attributes = {
				BuildIndependentTargetsInParallel = 1;
				LastSwiftUpdateCheck = 1420;
				LastUpgradeCheck = 1420;
				TargetAttributes = {
					226E4A442FC24F99005F76BD = {
						CreatedOnToolsVersion = 14.2;
					};
					226E4A552FC24F9B005F76BD = {
						CreatedOnToolsVersion = 14.2;
						TestTargetID = 226E4A442FC24F99005F76BD;
					};
					226E4A5F2FC24F9B005F76BD = {
						CreatedOnToolsVersion = 14.2;
						TestTargetID = 226E4A442FC24F99005F76BD;
					};
				};
			};
			buildConfigurationList = 226E4A402FC24F99005F76BD /* Build configuration list for PBXProject "BitRufus" */;
			compatibilityVersion = "Xcode 14.0";
			developmentRegion = en;
			hasScannedForEncodings = 0;
			knownRegions = (
				en,
				Base,
			);
			mainGroup = 226E4A3C2FC24F99005F76BD;
			productRefGroup = 226E4A462FC24F99005F76BD /* Products */;
			projectDirPath = "";
			projectRoot = "";
			targets = (
				226E4A442FC24F99005F76BD /* BitRufus */,
				226E4A552FC24F9B005F76BD /* BitRufusTests */,
				226E4A5F2FC24F9B005F76BD /* BitRufusUITests */,
			);
		};
/* End PBXProject section */

/* Begin PBXResourcesBuildPhase section */
		226E4A432FC24F99005F76BD /* Resources */ = {
			isa = PBXResourcesBuildPhase;
			buildActionMask = 2147483647;
			files = (
				226E4A502FC24F9A005F76BD /* Preview Assets.xcassets in Resources */,
				226E4A4D2FC24F9A005F76BD /* Assets.xcassets in Resources */,
			);
			runOnlyForDeploymentPostprocessing = 0;
		};
		226E4A542FC24F9B005F76BD /* Resources */ = {
			isa = PBXResourcesBuildPhase;
			buildActionMask = 2147483647;
			files = (
			);
			runOnlyForDeploymentPostprocessing = 0;
		};
		226E4A5E2FC24F9B005F76BD /* Resources */ = {
			isa = PBXResourcesBuildPhase;
			buildActionMask = 2147483647;
			files = (
			);
			runOnlyForDeploymentPostprocessing = 0;
		};
/* End PBXResourcesBuildPhase section */

/* Begin PBXShellScriptBuildPhase section */
		226E4A782FC24F9B005F76BD /* Build Rust */ = {
			isa = PBXShellScriptBuildPhase;
			alwaysOutOfDate = 1;
			buildActionMask = 2147483647;
			files = (
			);
			inputFileListPaths = (
			);
			inputPaths = (
				"$(SRCROOT)/core/src/lib.rs",
				"$(SRCROOT)/core/Cargo.toml",
				"$(SRCROOT)/core/uniffi-bindgen.rs",
				"$(SRCROOT)/scripts/build-rust.sh",
			);
			name = "Build Rust";
			outputFileListPaths = (
			);
			outputPaths = (
				"$(SRCROOT)/apps/TorrentApp/Generated/bitrufus_core.swift",
				"$(SRCROOT)/apps/TorrentApp/Generated/bitrufus_coreFFI.h",
				"$(SRCROOT)/apps/TorrentApp/Generated/bitrufus_coreFFI.modulemap",
				"$(SRCROOT)/target/active/libbitrufus_core.a",
			);
			runOnlyForDeploymentPostprocessing = 0;
			shellPath = /bin/sh;
			shellScript = "\"$SRCROOT/scripts/build-rust.sh\"\n";
		};
/* End PBXShellScriptBuildPhase section */

/* Begin PBXSourcesBuildPhase section */
		226E4A412FC24F99005F76BD /* Sources */ = {
			isa = PBXSourcesBuildPhase;
			buildActionMask = 2147483647;
			files = (
				226E4A4B2FC24F99005F76BD /* ContentView.swift in Sources */,
				226E4A492FC24F99005F76BD /* BitRufusApp.swift in Sources */,
				226E4A752FC24F9B005F76BD /* bitrufus_core.swift in Sources */,
			);
			runOnlyForDeploymentPostprocessing = 0;
		};
		226E4A522FC24F9B005F76BD /* Sources */ = {
			isa = PBXSourcesBuildPhase;
			buildActionMask = 2147483647;
			files = (
				226E4A5B2FC24F9B005F76BD /* BitRufusTests.swift in Sources */,
			);
			runOnlyForDeploymentPostprocessing = 0;
		};
		226E4A5C2FC24F9B005F76BD /* Sources */ = {
			isa = PBXSourcesBuildPhase;
			buildActionMask = 2147483647;
			files = (
				226E4A672FC24F9B005F76BD /* BitRufusUITestsLaunchTests.swift in Sources */,
				226E4A652FC24F9B005F76BD /* BitRufusUITests.swift in Sources */,
			);
			runOnlyForDeploymentPostprocessing = 0;
		};
/* End PBXSourcesBuildPhase section */

/* Begin PBXTargetDependency section */
		226E4A582FC24F9B005F76BD /* PBXTargetDependency */ = {
			isa = PBXTargetDependency;
			target = 226E4A442FC24F99005F76BD /* BitRufus */;
			targetProxy = 226E4A572FC24F9B005F76BD /* PBXContainerItemProxy */;
		};
		226E4A622FC24F9B005F76BD /* PBXTargetDependency */ = {
			isa = PBXTargetDependency;
			target = 226E4A442FC24F99005F76BD /* BitRufus */;
			targetProxy = 226E4A612FC24F9B005F76BD /* PBXContainerItemProxy */;
		};
/* End PBXTargetDependency section */

/* Begin XCBuildConfiguration section */
		226E4A682FC24F9B005F76BD /* Debug */ = {
			isa = XCBuildConfiguration;
			buildSettings = {
				ALWAYS_SEARCH_USER_PATHS = NO;
				CLANG_ANALYZER_NONNULL = YES;
				CLANG_ANALYZER_NUMBER_OBJECT_CONVERSION = YES_AGGRESSIVE;
				CLANG_CXX_LANGUAGE_STANDARD = "gnu++20";
				CLANG_ENABLE_MODULES = YES;
				CLANG_ENABLE_OBJC_ARC = YES;
				CLANG_ENABLE_OBJC_WEAK = YES;
				CLANG_WARN_BLOCK_CAPTURE_AUTORELEASING = YES;
				CLANG_WARN_BOOL_CONVERSION = YES;
				CLANG_WARN_COMMA = YES;
				CLANG_WARN_CONSTANT_CONVERSION = YES;
				CLANG_WARN_DEPRECATED_OBJC_IMPLEMENTATIONS = YES;
				CLANG_WARN_DIRECT_OBJC_ISA_USAGE = YES_ERROR;
				CLANG_WARN_DOCUMENTATION_COMMENTS = YES;
				CLANG_WARN_EMPTY_BODY = YES;
				CLANG_WARN_ENUM_CONVERSION = YES;
				CLANG_WARN_INFINITE_RECURSION = YES;
				CLANG_WARN_INT_CONVERSION = YES;
				CLANG_WARN_NON_LITERAL_NULL_CONVERSION = YES;
				CLANG_WARN_OBJC_IMPLICIT_RETAIN_SELF = YES;
				CLANG_WARN_OBJC_LITERAL_CONVERSION = YES;
				CLANG_WARN_OBJC_ROOT_CLASS = YES_ERROR;
				CLANG_WARN_QUOTED_INCLUDE_IN_FRAMEWORK_HEADER = YES;
				CLANG_WARN_RANGE_LOOP_ANALYSIS = YES;
				CLANG_WARN_STRICT_PROTOTYPES = YES;
				CLANG_WARN_SUSPICIOUS_MOVE = YES;
				CLANG_WARN_UNGUARDED_AVAILABILITY = YES_AGGRESSIVE;
				CLANG_WARN_UNREACHABLE_CODE = YES;
				CLANG_WARN__DUPLICATE_METHOD_MATCH = YES;
				COPY_PHASE_STRIP = NO;
				DEBUG_INFORMATION_FORMAT = dwarf;
				ENABLE_STRICT_OBJC_MSGSEND = YES;
				ENABLE_TESTABILITY = YES;
				GCC_C_LANGUAGE_STANDARD = gnu11;
				GCC_DYNAMIC_NO_PIC = NO;
				GCC_NO_COMMON_BLOCKS = YES;
				GCC_OPTIMIZATION_LEVEL = 0;
				GCC_PREPROCESSOR_DEFINITIONS = (
					"DEBUG=1",
					"$(inherited)",
				);
				GCC_WARN_64_TO_32_BIT_CONVERSION = YES;
				GCC_WARN_ABOUT_RETURN_TYPE = YES_ERROR;
				GCC_WARN_UNDECLARED_SELECTOR = YES;
				GCC_WARN_UNINITIALIZED_AUTOS = YES_AGGRESSIVE;
				GCC_WARN_UNUSED_FUNCTION = YES;
				GCC_WARN_UNUSED_VARIABLE = YES;
				MACOSX_DEPLOYMENT_TARGET = 13.0;
				MTL_ENABLE_DEBUG_INFO = INCLUDE_SOURCE;
				MTL_FAST_MATH = YES;
				ONLY_ACTIVE_ARCH = YES;
				SDKROOT = macosx;
				SWIFT_ACTIVE_COMPILATION_CONDITIONS = DEBUG;
				SWIFT_OPTIMIZATION_LEVEL = "-Onone";
			};
			name = Debug;
		};
		226E4A692FC24F9B005F76BD /* Release */ = {
			isa = XCBuildConfiguration;
			buildSettings = {
				ALWAYS_SEARCH_USER_PATHS = NO;
				CLANG_ANALYZER_NONNULL = YES;
				CLANG_ANALYZER_NUMBER_OBJECT_CONVERSION = YES_AGGRESSIVE;
				CLANG_CXX_LANGUAGE_STANDARD = "gnu++20";
				CLANG_ENABLE_MODULES = YES;
				CLANG_ENABLE_OBJC_ARC = YES;
				CLANG_ENABLE_OBJC_WEAK = YES;
				CLANG_WARN_BLOCK_CAPTURE_AUTORELEASING = YES;
				CLANG_WARN_BOOL_CONVERSION = YES;
				CLANG_WARN_COMMA = YES;
				CLANG_WARN_CONSTANT_CONVERSION = YES;
				CLANG_WARN_DEPRECATED_OBJC_IMPLEMENTATIONS = YES;
				CLANG_WARN_DIRECT_OBJC_ISA_USAGE = YES_ERROR;
				CLANG_WARN_DOCUMENTATION_COMMENTS = YES;
				CLANG_WARN_EMPTY_BODY = YES;
				CLANG_WARN_ENUM_CONVERSION = YES;
				CLANG_WARN_INFINITE_RECURSION = YES;
				CLANG_WARN_INT_CONVERSION = YES;
				CLANG_WARN_NON_LITERAL_NULL_CONVERSION = YES;
				CLANG_WARN_OBJC_IMPLICIT_RETAIN_SELF = YES;
				CLANG_WARN_OBJC_LITERAL_CONVERSION = YES;
				CLANG_WARN_OBJC_ROOT_CLASS = YES_ERROR;
				CLANG_WARN_QUOTED_INCLUDE_IN_FRAMEWORK_HEADER = YES;
				CLANG_WARN_RANGE_LOOP_ANALYSIS = YES;
				CLANG_WARN_STRICT_PROTOTYPES = YES;
				CLANG_WARN_SUSPICIOUS_MOVE = YES;
				CLANG_WARN_UNGUARDED_AVAILABILITY = YES_AGGRESSIVE;
				CLANG_WARN_UNREACHABLE_CODE = YES;
				CLANG_WARN__DUPLICATE_METHOD_MATCH = YES;
				COPY_PHASE_STRIP = NO;
				DEBUG_INFORMATION_FORMAT = "dwarf-with-dsym";
				ENABLE_NS_ASSERTIONS = NO;
				ENABLE_STRICT_OBJC_MSGSEND = YES;
				GCC_C_LANGUAGE_STANDARD = gnu11;
				GCC_NO_COMMON_BLOCKS = YES;
				GCC_WARN_64_TO_32_BIT_CONVERSION = YES;
				GCC_WARN_ABOUT_RETURN_TYPE = YES_ERROR;
				GCC_WARN_UNDECLARED_SELECTOR = YES;
				GCC_WARN_UNINITIALIZED_AUTOS = YES_AGGRESSIVE;
				GCC_WARN_UNUSED_FUNCTION = YES;
				GCC_WARN_UNUSED_VARIABLE = YES;
				MACOSX_DEPLOYMENT_TARGET = 13.0;
				MTL_ENABLE_DEBUG_INFO = NO;
				MTL_FAST_MATH = YES;
				SDKROOT = macosx;
				SWIFT_COMPILATION_MODE = wholemodule;
				SWIFT_OPTIMIZATION_LEVEL = "-O";
			};
			name = Release;
		};
		226E4A6B2FC24F9B005F76BD /* Debug */ = {
			isa = XCBuildConfiguration;
			buildSettings = {
				ASSETCATALOG_COMPILER_APPICON_NAME = AppIcon;
				ASSETCATALOG_COMPILER_GLOBAL_ACCENT_COLOR_NAME = AccentColor;
				CODE_SIGN_ENTITLEMENTS = BitRufus/BitRufus.entitlements;
				CODE_SIGN_STYLE = Automatic;
				COMBINE_HIDPI_IMAGES = YES;
				CURRENT_PROJECT_VERSION = 1;
				DEVELOPMENT_ASSET_PATHS = "\"BitRufus/Preview Content\"";
				ENABLE_PREVIEWS = YES;
				GENERATE_INFOPLIST_FILE = YES;
				INFOPLIST_KEY_NSHumanReadableCopyright = "";
				LIBRARY_SEARCH_PATHS = "$(SRCROOT)/target/active";
				LD_RUNPATH_SEARCH_PATHS = (
					"$(inherited)",
					"@executable_path/../Frameworks",
				);
				MARKETING_VERSION = 1.0;
				OTHER_LDFLAGS = "$(inherited) -lbitrufus_core";
				OTHER_SWIFT_FLAGS = "-Xcc -fmodule-map-file=$(SRCROOT)/apps/TorrentApp/Generated/bitrufus_coreFFI.modulemap";
				PRODUCT_BUNDLE_IDENTIFIER = com.timrufus.BitRufus;
				PRODUCT_NAME = "$(TARGET_NAME)";
				SWIFT_EMIT_LOC_STRINGS = YES;
				SWIFT_INCLUDE_PATHS = "$(SRCROOT)/apps/TorrentApp/Generated";
				SWIFT_VERSION = 5.0;
			};
			name = Debug;
		};
		226E4A6C2FC24F9B005F76BD /* Release */ = {
			isa = XCBuildConfiguration;
			buildSettings = {
				ASSETCATALOG_COMPILER_APPICON_NAME = AppIcon;
				ASSETCATALOG_COMPILER_GLOBAL_ACCENT_COLOR_NAME = AccentColor;
				CODE_SIGN_ENTITLEMENTS = BitRufus/BitRufus.entitlements;
				CODE_SIGN_STYLE = Automatic;
				COMBINE_HIDPI_IMAGES = YES;
				CURRENT_PROJECT_VERSION = 1;
				DEVELOPMENT_ASSET_PATHS = "\"BitRufus/Preview Content\"";
				ENABLE_PREVIEWS = YES;
				GENERATE_INFOPLIST_FILE = YES;
				INFOPLIST_KEY_NSHumanReadableCopyright = "";
				LIBRARY_SEARCH_PATHS = "$(SRCROOT)/target/active";
				LD_RUNPATH_SEARCH_PATHS = (
					"$(inherited)",
					"@executable_path/../Frameworks",
				);
				MARKETING_VERSION = 1.0;
				OTHER_LDFLAGS = "$(inherited) -lbitrufus_core";
				OTHER_SWIFT_FLAGS = "-Xcc -fmodule-map-file=$(SRCROOT)/apps/TorrentApp/Generated/bitrufus_coreFFI.modulemap";
				PRODUCT_BUNDLE_IDENTIFIER = com.timrufus.BitRufus;
				PRODUCT_NAME = "$(TARGET_NAME)";
				SWIFT_EMIT_LOC_STRINGS = YES;
				SWIFT_INCLUDE_PATHS = "$(SRCROOT)/apps/TorrentApp/Generated";
				SWIFT_VERSION = 5.0;
			};
			name = Release;
		};
		226E4A6E2FC24F9B005F76BD /* Debug */ = {
			isa = XCBuildConfiguration;
			buildSettings = {
				ALWAYS_EMBED_SWIFT_STANDARD_LIBRARIES = YES;
				BUNDLE_LOADER = "$(TEST_HOST)";
				CODE_SIGN_STYLE = Automatic;
				CURRENT_PROJECT_VERSION = 1;
				GENERATE_INFOPLIST_FILE = YES;
				MACOSX_DEPLOYMENT_TARGET = 13.0;
				MARKETING_VERSION = 1.0;
				PRODUCT_BUNDLE_IDENTIFIER = com.timrufus.BitRufusTests;
				PRODUCT_NAME = "$(TARGET_NAME)";
				SWIFT_EMIT_LOC_STRINGS = NO;
				SWIFT_VERSION = 5.0;
				TEST_HOST = "$(BUILT_PRODUCTS_DIR)/BitRufus.app/$(BUNDLE_EXECUTABLE_FOLDER_PATH)/BitRufus";
			};
			name = Debug;
		};
		226E4A6F2FC24F9B005F76BD /* Release */ = {
			isa = XCBuildConfiguration;
			buildSettings = {
				ALWAYS_EMBED_SWIFT_STANDARD_LIBRARIES = YES;
				BUNDLE_LOADER = "$(TEST_HOST)";
				CODE_SIGN_STYLE = Automatic;
				CURRENT_PROJECT_VERSION = 1;
				GENERATE_INFOPLIST_FILE = YES;
				MACOSX_DEPLOYMENT_TARGET = 13.0;
				MARKETING_VERSION = 1.0;
				PRODUCT_BUNDLE_IDENTIFIER = com.timrufus.BitRufusTests;
				PRODUCT_NAME = "$(TARGET_NAME)";
				SWIFT_EMIT_LOC_STRINGS = NO;
				SWIFT_VERSION = 5.0;
				TEST_HOST = "$(BUILT_PRODUCTS_DIR)/BitRufus.app/$(BUNDLE_EXECUTABLE_FOLDER_PATH)/BitRufus";
			};
			name = Release;
		};
		226E4A712FC24F9B005F76BD /* Debug */ = {
			isa = XCBuildConfiguration;
			buildSettings = {
				ALWAYS_EMBED_SWIFT_STANDARD_LIBRARIES = YES;
				CODE_SIGN_STYLE = Automatic;
				CURRENT_PROJECT_VERSION = 1;
				GENERATE_INFOPLIST_FILE = YES;
				MARKETING_VERSION = 1.0;
				PRODUCT_BUNDLE_IDENTIFIER = com.timrufus.BitRufusUITests;
				PRODUCT_NAME = "$(TARGET_NAME)";
				SWIFT_EMIT_LOC_STRINGS = NO;
				SWIFT_VERSION = 5.0;
				TEST_TARGET_NAME = BitRufus;
			};
			name = Debug;
		};
		226E4A722FC24F9B005F76BD /* Release */ = {
			isa = XCBuildConfiguration;
			buildSettings = {
				ALWAYS_EMBED_SWIFT_STANDARD_LIBRARIES = YES;
				CODE_SIGN_STYLE = Automatic;
				CURRENT_PROJECT_VERSION = 1;
				GENERATE_INFOPLIST_FILE = YES;
				MARKETING_VERSION = 1.0;
				PRODUCT_BUNDLE_IDENTIFIER = com.timrufus.BitRufusUITests;
				PRODUCT_NAME = "$(TARGET_NAME)";
				SWIFT_EMIT_LOC_STRINGS = NO;
				SWIFT_VERSION = 5.0;
				TEST_TARGET_NAME = BitRufus;
			};
			name = Release;
		};
/* End XCBuildConfiguration section */

/* Begin XCConfigurationList section */
		226E4A402FC24F99005F76BD /* Build configuration list for PBXProject "BitRufus" */ = {
			isa = XCConfigurationList;
			buildConfigurations = (
				226E4A682FC24F9B005F76BD /* Debug */,
				226E4A692FC24F9B005F76BD /* Release */,
			);
			defaultConfigurationIsVisible = 0;
			defaultConfigurationName = Release;
		};
		226E4A6A2FC24F9B005F76BD /* Build configuration list for PBXNativeTarget "BitRufus" */ = {
			isa = XCConfigurationList;
			buildConfigurations = (
				226E4A6B2FC24F9B005F76BD /* Debug */,
				226E4A6C2FC24F9B005F76BD /* Release */,
			);
			defaultConfigurationIsVisible = 0;
			defaultConfigurationName = Release;
		};
		226E4A6D2FC24F9B005F76BD /* Build configuration list for PBXNativeTarget "BitRufusTests" */ = {
			isa = XCConfigurationList;
			buildConfigurations = (
				226E4A6E2FC24F9B005F76BD /* Debug */,
				226E4A6F2FC24F9B005F76BD /* Release */,
			);
			defaultConfigurationIsVisible = 0;
			defaultConfigurationName = Release;
		};
		226E4A702FC24F9B005F76BD /* Build configuration list for PBXNativeTarget "BitRufusUITests" */ = {
			isa = XCConfigurationList;
			buildConfigurations = (
				226E4A712FC24F9B005F76BD /* Debug */,
				226E4A722FC24F9B005F76BD /* Release */,
			);
			defaultConfigurationIsVisible = 0;
			defaultConfigurationName = Release;
		};
/* End XCConfigurationList section */
	};
	rootObject = 226E4A3D2FC24F99005F76BD /* Project object */;
}
